
Microsoft Visual Studio Solution File, Format Version 12.00
# Visual Studio Version 16
VisualStudioVersion = 16.0.29025.244
MinimumVisualStudioVersion = 10.0.40219.1
Project("{FAE04EC0-301F-11D3-BF4B-00C04F79EFBC}") = "instarm", "instarm\instarm.csproj", "{17A568FC-D58E-4DEE-8657-912BFCB5BF96}"
EndProject
Project("{FAE04EC0-301F-11D3-BF4B-00C04F79EFBC}") = "MailUtils", "MailUtils\MailUtils.csproj", "{3D8052C5-6175-4CA5-AD6B-A4093178C4EF}"
EndProject
Project("{FAE04EC0-301F-11D3-BF4B-00C04F79EFBC}") = "Run", "Run\Run.csproj", "{4E24FB09-902D-41EA-A015-840DD8CF01A8}"
EndProject
Global
	GlobalSection(SolutionConfigurationPlatforms) = preSolution
		Debug|Any CPU = Debug|Any CPU
		Release|Any CPU = Release|Any CPU
	EndGlobalSection
	GlobalSection(ProjectConfigurationPlatforms) = postSolution
		{17A568FC-D58E-4DEE-8657-912BFCB5BF96}.Debug|Any CPU.ActiveCfg = Debug|Any CPU
		{17A568FC-D58E-4DEE-8657-912BFCB5BF96}.Debug|Any CPU.Build.0 = Debug|Any CPU
		{17A568FC-D58E-4DEE-8657-912BFCB5BF96}.Release|Any CPU.ActiveCfg = Release|Any CPU
		{17A568FC-D58E-4DEE-8657-912BFCB5BF96}.Release|Any CPU.Build.0 = Release|Any CPU
		{3D8052C5-6175-4CA5-AD6B-A4093178C4EF}.Debug|Any CPU.ActiveCfg = Debug|Any CPU
		{3D8052C5-6175-4CA5-AD6B-A4093178C4EF}.Debug|Any CPU.Build.0 = Debug|Any CPU
		{3D8052C5-6175-4CA5-AD6B-A4093178C4EF}.Release|Any CPU.ActiveCfg = Release|Any CPU
		{3D8052C5-6175-4CA5-AD6B-A4093178C4EF}.Release|Any CPU.Build.0 = Release|Any CPU
		{4E24FB09-902D-41EA-A015-840DD8CF01A8}.Debug|Any CPU.ActiveCfg = Debug|Any CPU
		{4E24FB09-902D-41EA-A015-840DD8CF01A8}.Debug|Any CPU.Build.0 = Debug|Any CPU
		{4E24FB09-902D-41EA-A015-840DD8CF01A8}.Release|Any CPU.ActiveCfg = Release|Any CPU
		{4E24FB09-902D-41EA-A015-840DD8CF01A8}.Release|Any CPU.Build.0 = Release|Any CPU
	EndGlobalSection
	GlobalSection(SolutionProperties) = preSolution
		HideSolutionNode = FALSE
	EndGlobalSection
	GlobalSection(ExtensibilityGlobals) = postSolution
		SolutionGuid = {549DFC1B-5155-4D8E-8567-CBA5ACE64BFE}
	EndGlobalSection
EndGlobal
